// !$*UTF8*$!
{
	archiveVersion = 1;
	classes = {
	};
	objectVersion = 46;
	objects = {

/* Begin PBXBuildFile section */
		CE0AF6E11A99C48E00DD6630 /* TweetSimpleCell.m in Sources */ = {isa = PBXBuildFile; fileRef = CE0AF6DF1A99C48E00DD6630 /* TweetSimpleCell.m */; };
		CE0AF6E21A99C48E00DD6630 /* TweetSimpleCell.xib in Resources */ = {isa = PBXBuildFile; fileRef = CE0AF6E01A99C48E00DD6630 /* TweetSimpleCell.xib */; };
		CE0AF6E61A9A50A100DD6630 /* ComposeTweetViewController.m in Sources */ = {isa = PBXBuildFile; fileRef = CE0AF6E41A9A50A100DD6630 /* ComposeTweetViewController.m */; };
		CE0AF6E71A9A50A100DD6630 /* ComposeTweetViewController.xib in Resources */ = {isa = PBXBuildFile; fileRef = CE0AF6E51A9A50A100DD6630 /* ComposeTweetViewController.xib */; };
		CE0AF6EB1A9A96FE00DD6630 /* TweetDetailViewController.m in Sources */ = {isa = PBXBuildFile; fileRef = CE0AF6E91A9A96FE00DD6630 /* TweetDetailViewController.m */; };
		CE0AF6EC1A9A96FE00DD6630 /* TweetDetailViewController.xib in Resources */ = {isa = PBXBuildFile; fileRef = CE0AF6EA1A9A96FE00DD6630 /* TweetDetailViewController.xib */; };
		CE54B0881A992FF800AA83D9 /* main.m in Sources */ = {isa = PBXBuildFile; fileRef = CE54B0871A992FF800AA83D9 /* main.m */; };
		CE54B08B1A992FF800AA83D9 /* AppDelegate.m in Sources */ = {isa = PBXBuildFile; fileRef = CE54B08A1A992FF800AA83D9 /* AppDelegate.m */; };
		CE54B0931A992FF800AA83D9 /* Images.xcassets in Resources */ = {isa = PBXBuildFile; fileRef = CE54B0921A992FF800AA83D9 /* Images.xcassets */; };
		CE54B0961A992FF800AA83D9 /* LaunchScreen.xib in Resources */ = {isa = PBXBuildFile; fileRef = CE54B0941A992FF800AA83D9 /* LaunchScreen.xib */; };
		CE54B0A21A992FF800AA83D9 /* TwitterTests.m in Sources */ = {isa = PBXBuildFile; fileRef = CE54B0A11A992FF800AA83D9 /* TwitterTests.m */; };
		CE6EE6F71AA03CC7003AB64F /* CenterViewController.m in Sources */ = {isa = PBXBuildFile; fileRef = CE6EE6F51AA03CC7003AB64F /* CenterViewController.m */; };
		CE6EE6F81AA03CC7003AB64F /* CenterViewController.xib in Resources */ = {isa = PBXBuildFile; fileRef = CE6EE6F61AA03CC7003AB64F /* CenterViewController.xib */; };
		CE6EE7011AA281B8003AB64F /* ProfileCell.m in Sources */ = {isa = PBXBuildFile; fileRef = CE6EE6FF1AA281B8003AB64F /* ProfileCell.m */; };
		CE6EE7021AA281B8003AB64F /* ProfileCell.xib in Resources */ = {isa = PBXBuildFile; fileRef = CE6EE7001AA281B8003AB64F /* ProfileCell.xib */; };
		CE6EE7061AA28865003AB64F /* ProfileViewController.m in Sources */ = {isa = PBXBuildFile; fileRef = CE6EE7041AA28865003AB64F /* ProfileViewController.m */; };
		CE6EE7071AA28865003AB64F /* ProfileViewController.xib in Resources */ = {isa = PBXBuildFile; fileRef = CE6EE7051AA28865003AB64F /* ProfileViewController.xib */; };
		CE6EE70B1AA28FA6003AB64F /* ProfileHeaderCell.m in Sources */ = {isa = PBXBuildFile; fileRef = CE6EE7091AA28FA6003AB64F /* ProfileHeaderCell.m */; };
		CE6EE70C1AA28FA6003AB64F /* ProfileHeaderCell.xib in Resources */ = {isa = PBXBuildFile; fileRef = CE6EE70A1AA28FA6003AB64F /* ProfileHeaderCell.xib */; };
		CE6EE7101AA28FCB003AB64F /* ProfileTFFCell.m in Sources */ = {isa = PBXBuildFile; fileRef = CE6EE70E1AA28FCB003AB64F /* ProfileTFFCell.m */; };
		CE6EE7111AA28FCB003AB64F /* ProfileTFFCell.xib in Resources */ = {isa = PBXBuildFile; fileRef = CE6EE70F1AA28FCB003AB64F /* ProfileTFFCell.xib */; };
		CE6EE7151AA2D4B3003AB64F /* MentionsViewController.m in Sources */ = {isa = PBXBuildFile; fileRef = CE6EE7131AA2D4B3003AB64F /* MentionsViewController.m */; };
		CE6EE7161AA2D4B3003AB64F /* MentionsViewController.xib in Resources */ = {isa = PBXBuildFile; fileRef = CE6EE7141AA2D4B3003AB64F /* MentionsViewController.xib */; };
		CEE5C6331A993F4500C597EE /* Tweet.m in Sources */ = {isa = PBXBuildFile; fileRef = CEE5C6321A993F4500C597EE /* Tweet.m */; };
		CEE5C6361A993F4D00C597EE /* User.m in Sources */ = {isa = PBXBuildFile; fileRef = CEE5C6351A993F4D00C597EE /* User.m */; };
		CEE5C63A1A9979A100C597EE /* TweetsViewController.m in Sources */ = {isa = PBXBuildFile; fileRef = CEE5C6381A9979A100C597EE /* TweetsViewController.m */; };
		CEE5C63B1A9979A100C597EE /* TweetsViewController.xib in Resources */ = {isa = PBXBuildFile; fileRef = CEE5C6391A9979A100C597EE /* TweetsViewController.xib */; };
		CEF0530C1A9930DF00EAD2BE /* LoginViewController.m in Sources */ = {isa = PBXBuildFile; fileRef = CEF0530A1A9930DF00EAD2BE /* LoginViewController.m */; };
		CEF0530D1A9930DF00EAD2BE /* LoginViewController.xib in Resources */ = {isa = PBXBuildFile; fileRef = CEF0530B1A9930DF00EAD2BE /* LoginViewController.xib */; };
		CEF053101A9931B200EAD2BE /* TwitterClient.m in Sources */ = {isa = PBXBuildFile; fileRef = CEF0530F1A9931B200EAD2BE /* TwitterClient.m */; };
		F4F265447BA0AA62BD808572 /* libPods.a in Frameworks */ = {isa = PBXBuildFile; fileRef = 7CCEFEBB312B88B18C637103 /* libPods.a */; };
/* End PBXBuildFile section */

/* Begin PBXContainerItemProxy section */
		CE54B09C1A992FF800AA83D9 /* PBXContainerItemProxy */ = {
			isa = PBXContainerItemProxy;
			containerPortal = CE54B07A1A992FF800AA83D9 /* Project object */;
			proxyType = 1;
			remoteGlobalIDString = CE54B0811A992FF800AA83D9;
			remoteInfo = Twitter;
		};
/* End PBXContainerItemProxy section */

/* Begin PBXFileReference section */
		3C56537E56AFD4B04BF5D77D /* Pods.release.xcconfig */ = {isa = PBXFileReference; includeInIndex = 1; lastKnownFileType = text.xcconfig; name = Pods.release.xcconfig; path = "Pods/Target Support Files/Pods/Pods.release.xcconfig"; sourceTree = "<group>"; };
		7CCEFEBB312B88B18C637103 /* libPods.a */ = {isa = PBXFileReference; explicitFileType = archive.ar; includeInIndex = 0; path = libPods.a; sourceTree = BUILT_PRODUCTS_DIR; };
		CE0AF6DE1A99C48E00DD6630 /* TweetSimpleCell.h */ = {isa = PBXFileReference; fileEncoding = 4; lastKnownFileType = sourcecode.c.h; path = TweetSimpleCell.h; sourceTree = "<group>"; };
		CE0AF6DF1A99C48E00DD6630 /* TweetSimpleCell.m */ = {isa = PBXFileReference; fileEncoding = 4; lastKnownFileType = sourcecode.c.objc; path = TweetSimpleCell.m; sourceTree = "<group>"; };
		CE0AF6E01A99C48E00DD6630 /* TweetSimpleCell.xib */ = {isa = PBXFileReference; fileEncoding = 4; lastKnownFileType = file.xib; path = TweetSimpleCell.xib; sourceTree = "<group>"; };
		CE0AF6E31A9A50A100DD6630 /* ComposeTweetViewController.h */ = {isa = PBXFileReference; fileEncoding = 4; lastKnownFileType = sourcecode.c.h; path = ComposeTweetViewController.h; sourceTree = "<group>"; };
		CE0AF6E41A9A50A100DD6630 /* ComposeTweetViewController.m */ = {isa = PBXFileReference; fileEncoding = 4; lastKnownFileType = sourcecode.c.objc; path = ComposeTweetViewController.m; sourceTree = "<group>"; };
		CE0AF6E51A9A50A100DD6630 /* ComposeTweetViewController.xib */ = {isa = PBXFileReference; fileEncoding = 4; lastKnownFileType = file.xib; path = ComposeTweetViewController.xib; sourceTree = "<group>"; };
		CE0AF6E81A9A96FE00DD6630 /* TweetDetailViewController.h */ = {isa = PBXFileReference; fileEncoding = 4; lastKnownFileType = sourcecode.c.h; path = TweetDetailViewController.h; sourceTree = "<group>"; };
		CE0AF6E91A9A96FE00DD6630 /* TweetDetailViewController.m */ = {isa = PBXFileReference; fileEncoding = 4; lastKnownFileType = sourcecode.c.objc; path = TweetDetailViewController.m; sourceTree = "<group>"; };
		CE0AF6EA1A9A96FE00DD6630 /* TweetDetailViewController.xib */ = {isa = PBXFileReference; fileEncoding = 4; lastKnownFileType = file.xib; path = TweetDetailViewController.xib; sourceTree = "<group>"; };
		CE54B0821A992FF800AA83D9 /* Twitter.app */ = {isa = PBXFileReference; explicitFileType = wrapper.application; includeInIndex = 0; path = Twitter.app; sourceTree = BUILT_PRODUCTS_DIR; };
		CE54B0861A992FF800AA83D9 /* Info.plist */ = {isa = PBXFileReference; lastKnownFileType = text.plist.xml; path = Info.plist; sourceTree = "<group>"; };
		CE54B0871A992FF800AA83D9 /* main.m */ = {isa = PBXFileReference; lastKnownFileType = sourcecode.c.objc; path = main.m; sourceTree = "<group>"; };
		CE54B0891A992FF800AA83D9 /* AppDelegate.h */ = {isa = PBXFileReference; lastKnownFileType = sourcecode.c.h; path = AppDelegate.h; sourceTree = "<group>"; };
		CE54B08A1A992FF800AA83D9 /* AppDelegate.m */ = {isa = PBXFileReference; lastKnownFileType = sourcecode.c.objc; path = AppDelegate.m; sourceTree = "<group>"; };
		CE54B0921A992FF800AA83D9 /* Images.xcassets */ = {isa = PBXFileReference; lastKnownFileType = folder.assetcatalog; path = Images.xcassets; sourceTree = "<group>"; };
		CE54B0951A992FF800AA83D9 /* Base */ = {isa = PBXFileReference; lastKnownFileType = file.xib; name = Base; path = Base.lproj/LaunchScreen.xib; sourceTree = "<group>"; };
		CE54B09B1A992FF800AA83D9 /* TwitterTests.xctest */ = {isa = PBXFileReference; explicitFileType = wrapper.cfbundle; includeInIndex = 0; path = TwitterTests.xctest; sourceTree = BUILT_PRODUCTS_DIR; };
		CE54B0A01A992FF800AA83D9 /* Info.plist */ = {isa = PBXFileReference; lastKnownFileType = text.plist.xml; path = Info.plist; sourceTree = "<group>"; };
		CE54B0A11A992FF800AA83D9 /* TwitterTests.m */ = {isa = PBXFileReference; lastKnownFileType = sourcecode.c.objc; path = TwitterTests.m; sourceTree = "<group>"; };
		CE6EE6F41AA03CC7003AB64F /* CenterViewController.h */ = {isa = PBXFileReference; fileEncoding = 4; lastKnownFileType = sourcecode.c.h; path = CenterViewController.h; sourceTree = "<group>"; };
		CE6EE6F51AA03CC7003AB64F /* CenterViewController.m */ = {isa = PBXFileReference; fileEncoding = 4; lastKnownFileType = sourcecode.c.objc; path = CenterViewController.m; sourceTree = "<group>"; };
		CE6EE6F61AA03CC7003AB64F /* CenterViewController.xib */ = {isa = PBXFileReference; fileEncoding = 4; lastKnownFileType = file.xib; path = CenterViewController.xib; sourceTree = "<group>"; };
		CE6EE6FE1AA281B8003AB64F /* ProfileCell.h */ = {isa = PBXFileReference; fileEncoding = 4; lastKnownFileType = sourcecode.c.h; path = ProfileCell.h; sourceTree = "<group>"; };
		CE6EE6FF1AA281B8003AB64F /* ProfileCell.m */ = {isa = PBXFileReference; fileEncoding = 4; lastKnownFileType = sourcecode.c.objc; path = ProfileCell.m; sourceTree = "<group>"; };
		CE6EE7001AA281B8003AB64F /* ProfileCell.xib */ = {isa = PBXFileReference; fileEncoding = 4; lastKnownFileType = file.xib; path = ProfileCell.xib; sourceTree = "<group>"; };
		CE6EE7031AA28865003AB64F /* ProfileViewController.h */ = {isa = PBXFileReference; fileEncoding = 4; lastKnownFileType = sourcecode.c.h; path = ProfileViewController.h; sourceTree = "<group>"; };
		CE6EE7041AA28865003AB64F /* ProfileViewController.m */ = {isa = PBXFileReference; fileEncoding = 4; lastKnownFileType = sourcecode.c.objc; path = ProfileViewController.m; sourceTree = "<group>"; };
		CE6EE7051AA28865003AB64F /* ProfileViewController.xib */ = {isa = PBXFileReference; fileEncoding = 4; lastKnownFileType = file.xib; path = ProfileViewController.xib; sourceTree = "<group>"; };
		CE6EE7081AA28FA6003AB64F /* ProfileHeaderCell.h */ = {isa = PBXFileReference; fileEncoding = 4; lastKnownFileType = sourcecode.c.h; path = ProfileHeaderCell.h; sourceTree = "<group>"; };
		CE6EE7091AA28FA6003AB64F /* ProfileHeaderCell.m */ = {isa = PBXFileReference; fileEncoding = 4; lastKnownFileType = sourcecode.c.objc; path = ProfileHeaderCell.m; sourceTree = "<group>"; };
		CE6EE70A1AA28FA6003AB64F /* ProfileHeaderCell.xib */ = {isa = PBXFileReference; fileEncoding = 4; lastKnownFileType = file.xib; path = ProfileHeaderCell.xib; sourceTree = "<group>"; };
		CE6EE70D1AA28FCB003AB64F /* ProfileTFFCell.h */ = {isa = PBXFileReference; fileEncoding = 4; lastKnownFileType = sourcecode.c.h; path = ProfileTFFCell.h; sourceTree = "<group>"; };
		CE6EE70E1AA28FCB003AB64F /* ProfileTFFCell.m */ = {isa = PBXFileReference; fileEncoding = 4; lastKnownFileType = sourcecode.c.objc; path = ProfileTFFCell.m; sourceTree = "<group>"; };
		CE6EE70F1AA28FCB003AB64F /* ProfileTFFCell.xib */ = {isa = PBXFileReference; fileEncoding = 4; lastKnownFileType = file.xib; path = ProfileTFFCell.xib; sourceTree = "<group>"; };
		CE6EE7121AA2D4B3003AB64F /* MentionsViewController.h */ = {isa = PBXFileReference; fileEncoding = 4; lastKnownFileType = sourcecode.c.h; path = MentionsViewController.h; sourceTree = "<group>"; };
		CE6EE7131AA2D4B3003AB64F /* MentionsViewController.m */ = {isa = PBXFileReference; fileEncoding = 4; lastKnownFileType = sourcecode.c.objc; path = MentionsViewController.m; sourceTree = "<group>"; };
		CE6EE7141AA2D4B3003AB64F /* MentionsViewController.xib */ = {isa = PBXFileReference; fileEncoding = 4; lastKnownFileType = file.xib; path = MentionsViewController.xib; sourceTree = "<group>"; };
		CEE5C6311A993F4500C597EE /* Tweet.h */ = {isa = PBXFileReference; fileEncoding = 4; lastKnownFileType = sourcecode.c.h; path = Tweet.h; sourceTree = "<group>"; };
		CEE5C6321A993F4500C597EE /* Tweet.m */ = {isa = PBXFileReference; fileEncoding = 4; lastKnownFileType = sourcecode.c.objc; path = Tweet.m; sourceTree = "<group>"; };
		CEE5C6341A993F4D00C597EE /* User.h */ = {isa = PBXFileReference; fileEncoding = 4; lastKnownFileType = sourcecode.c.h; path = User.h; sourceTree = "<group>"; };
		CEE5C6351A993F4D00C597EE /* User.m */ = {isa = PBXFileReference; fileEncoding = 4; lastKnownFileType = sourcecode.c.objc; path = User.m; sourceTree = "<group>"; };
		CEE5C6371A9979A100C597EE /* TweetsViewController.h */ = {isa = PBXFileReference; fileEncoding = 4; lastKnownFileType = sourcecode.c.h; path = TweetsViewController.h; sourceTree = "<group>"; };
		CEE5C6381A9979A100C597EE /* TweetsViewController.m */ = {isa = PBXFileReference; fileEncoding = 4; lastKnownFileType = sourcecode.c.objc; path = TweetsViewController.m; sourceTree = "<group>"; };
		CEE5C6391A9979A100C597EE /* TweetsViewController.xib */ = {isa = PBXFileReference; fileEncoding = 4; lastKnownFileType = file.xib; path = TweetsViewController.xib; sourceTree = "<group>"; };
		CEF053091A9930DF00EAD2BE /* LoginViewController.h */ = {isa = PBXFileReference; fileEncoding = 4; lastKnownFileType = sourcecode.c.h; path = LoginViewController.h; sourceTree = "<group>"; };
		CEF0530A1A9930DF00EAD2BE /* LoginViewController.m */ = {isa = PBXFileReference; fileEncoding = 4; lastKnownFileType = sourcecode.c.objc; path = LoginViewController.m; sourceTree = "<group>"; };
		CEF0530B1A9930DF00EAD2BE /* LoginViewController.xib */ = {isa = PBXFileReference; fileEncoding = 4; lastKnownFileType = file.xib; path = LoginViewController.xib; sourceTree = "<group>"; };
		CEF0530E1A9931B200EAD2BE /* TwitterClient.h */ = {isa = PBXFileReference; fileEncoding = 4; lastKnownFileType = sourcecode.c.h; path = TwitterClient.h; sourceTree = "<group>"; };
		CEF0530F1A9931B200EAD2BE /* TwitterClient.m */ = {isa = PBXFileReference; fileEncoding = 4; lastKnownFileType = sourcecode.c.objc; path = TwitterClient.m; sourceTree = "<group>"; };
		E4EE3A6823998E659FC5A014 /* Pods.debug.xcconfig */ = {isa = PBXFileReference; includeInIndex = 1; lastKnownFileType = text.xcconfig; name = Pods.debug.xcconfig; path = "Pods/Target Support Files/Pods/Pods.debug.xcconfig"; sourceTree = "<group>"; };
/* End PBXFileReference section */

/* Begin PBXFrameworksBuildPhase section */
		CE54B07F1A992FF800AA83D9 /* Frameworks */ = {
			isa = PBXFrameworksBuildPhase;
			buildActionMask = 2147483647;
			files = (
				F4F265447BA0AA62BD808572 /* libPods.a in Frameworks */,
			);
			runOnlyForDeploymentPostprocessing = 0;
		};
		CE54B0981A992FF800AA83D9 /* Frameworks */ = {
			isa = PBXFrameworksBuildPhase;
			buildActionMask = 2147483647;
			files = (
			);
			runOnlyForDeploymentPostprocessing = 0;
		};
/* End PBXFrameworksBuildPhase section */

/* Begin PBXGroup section */
		0228BAF814173EBBDD40663F /* Pods */ = {
			isa = PBXGroup;
			children = (
				E4EE3A6823998E659FC5A014 /* Pods.debug.xcconfig */,
				3C56537E56AFD4B04BF5D77D /* Pods.release.xcconfig */,
			);
			name = Pods;
			sourceTree = "<group>";
		};
		5952B7CF1BDBBDB245098059 /* Frameworks */ = {
			isa = PBXGroup;
			children = (
				7CCEFEBB312B88B18C637103 /* libPods.a */,
			);
			name = Frameworks;
			sourceTree = "<group>";
		};
		CE54B0791A992FF800AA83D9 = {
			isa = PBXGroup;
			children = (
				CE54B0841A992FF800AA83D9 /* Twitter */,
				CE54B09E1A992FF800AA83D9 /* TwitterTests */,
				CE54B0831A992FF800AA83D9 /* Products */,
				0228BAF814173EBBDD40663F /* Pods */,
				5952B7CF1BDBBDB245098059 /* Frameworks */,
			);
			sourceTree = "<group>";
		};
		CE54B0831A992FF800AA83D9 /* Products */ = {
			isa = PBXGroup;
			children = (
				CE54B0821A992FF800AA83D9 /* Twitter.app */,
				CE54B09B1A992FF800AA83D9 /* TwitterTests.xctest */,
			);
			name = Products;
			sourceTree = "<group>";
		};
		CE54B0841A992FF800AA83D9 /* Twitter */ = {
			isa = PBXGroup;
			children = (
				CEE5C63F1A99A16000C597EE /* TableCell */,
				CEE5C6301A993F3800C597EE /* Model */,
				CEF053081A9930C600EAD2BE /* ViewControllers */,
				CE54B0891A992FF800AA83D9 /* AppDelegate.h */,
				CE54B08A1A992FF800AA83D9 /* AppDelegate.m */,
				CE54B0921A992FF800AA83D9 /* Images.xcassets */,
				CE54B0941A992FF800AA83D9 /* LaunchScreen.xib */,
				CE54B0851A992FF800AA83D9 /* Supporting Files */,
				CEE5C63E1A9996AD00C597EE /* API */,
			);
			path = Twitter;
			sourceTree = "<group>";
		};
		CE54B0851A992FF800AA83D9 /* Supporting Files */ = {
			isa = PBXGroup;
			children = (
				CE54B0861A992FF800AA83D9 /* Info.plist */,
				CE54B0871A992FF800AA83D9 /* main.m */,
			);
			name = "Supporting Files";
			sourceTree = "<group>";
		};
		CE54B09E1A992FF800AA83D9 /* TwitterTests */ = {
			isa = PBXGroup;
			children = (
				CE54B0A11A992FF800AA83D9 /* TwitterTests.m */,
				CE54B09F1A992FF800AA83D9 /* Supporting Files */,
			);
			path = TwitterTests;
			sourceTree = "<group>";
		};
		CE54B09F1A992FF800AA83D9 /* Supporting Files */ = {
			isa = PBXGroup;
			children = (
				CE54B0A01A992FF800AA83D9 /* Info.plist */,
			);
			name = "Supporting Files";
			sourceTree = "<group>";
		};
		CEE5C6301A993F3800C597EE /* Model */ = {
			isa = PBXGroup;
			children = (
				CEE5C6311A993F4500C597EE /* Tweet.h */,
				CEE5C6321A993F4500C597EE /* Tweet.m */,
				CEE5C6341A993F4D00C597EE /* User.h */,
				CEE5C6351A993F4D00C597EE /* User.m */,
			);
			name = Model;
			sourceTree = "<group>";
		};
		CEE5C63E1A9996AD00C597EE /* API */ = {
			isa = PBXGroup;
			children = (
				CEF0530E1A9931B200EAD2BE /* TwitterClient.h */,
				CEF0530F1A9931B200EAD2BE /* TwitterClient.m */,
			);
			name = API;
			sourceTree = "<group>";
		};
		CEE5C63F1A99A16000C597EE /* TableCell */ = {
			isa = PBXGroup;
			children = (
				CE0AF6DE1A99C48E00DD6630 /* TweetSimpleCell.h */,
				CE0AF6DF1A99C48E00DD6630 /* TweetSimpleCell.m */,
				CE0AF6E01A99C48E00DD6630 /* TweetSimpleCell.xib */,
				CE6EE6FE1AA281B8003AB64F /* ProfileCell.h */,
				CE6EE6FF1AA281B8003AB64F /* ProfileCell.m */,
				CE6EE7001AA281B8003AB64F /* ProfileCell.xib */,
				CE6EE7081AA28FA6003AB64F /* ProfileHeaderCell.h */,
				CE6EE7091AA28FA6003AB64F /* ProfileHeaderCell.m */,
				CE6EE70A1AA28FA6003AB64F /* ProfileHeaderCell.xib */,
				CE6EE70D1AA28FCB003AB64F /* ProfileTFFCell.h */,
				CE6EE70E1AA28FCB003AB64F /* ProfileTFFCell.m */,
				CE6EE70F1AA28FCB003AB64F /* ProfileTFFCell.xib */,
			);
			name = TableCell;
			sourceTree = "<group>";
		};
		CEF053081A9930C600EAD2BE /* ViewControllers */ = {
			isa = PBXGroup;
			children = (
				CEF053091A9930DF00EAD2BE /* LoginViewController.h */,
				CEF0530A1A9930DF00EAD2BE /* LoginViewController.m */,
				CEF0530B1A9930DF00EAD2BE /* LoginViewController.xib */,
				CEE5C6371A9979A100C597EE /* TweetsViewController.h */,
				CEE5C6381A9979A100C597EE /* TweetsViewController.m */,
				CEE5C6391A9979A100C597EE /* TweetsViewController.xib */,
				CE0AF6E31A9A50A100DD6630 /* ComposeTweetViewController.h */,
				CE0AF6E41A9A50A100DD6630 /* ComposeTweetViewController.m */,
				CE0AF6E51A9A50A100DD6630 /* ComposeTweetViewController.xib */,
				CE0AF6E81A9A96FE00DD6630 /* TweetDetailViewController.h */,
				CE0AF6E91A9A96FE00DD6630 /* TweetDetailViewController.m */,
				CE0AF6EA1A9A96FE00DD6630 /* TweetDetailViewController.xib */,
				CE6EE6F41AA03CC7003AB64F /* CenterViewController.h */,
				CE6EE6F51AA03CC7003AB64F /* CenterViewController.m */,
				CE6EE6F61AA03CC7003AB64F /* CenterViewController.xib */,
				CE6EE7031AA28865003AB64F /* ProfileViewController.h */,
				CE6EE7041AA28865003AB64F /* ProfileViewController.m */,
				CE6EE7051AA28865003AB64F /* ProfileViewController.xib */,
				CE6EE7121AA2D4B3003AB64F /* MentionsViewController.h */,
				CE6EE7131AA2D4B3003AB64F /* MentionsViewController.m */,
				CE6EE7141AA2D4B3003AB64F /* MentionsViewController.xib */,
			);
			name = ViewControllers;
			sourceTree = "<group>";
		};
/* End PBXGroup section */

/* Begin PBXNativeTarget section */
		CE54B0811A992FF800AA83D9 /* Twitter */ = {
			isa = PBXNativeTarget;
			buildConfigurationList = CE54B0A51A992FF800AA83D9 /* Build configuration list for PBXNativeTarget "Twitter" */;
			buildPhases = (
				9277739DB32EB91C73C69489 /* Check Pods Manifest.lock */,
				CE54B07E1A992FF800AA83D9 /* Sources */,
				CE54B07F1A992FF800AA83D9 /* Frameworks */,
				CE54B0801A992FF800AA83D9 /* Resources */,
				DD3F9BCBC1E85A9F914E7A38 /* Copy Pods Resources */,
			);
			buildRules = (
			);
			dependencies = (
			);
			name = Twitter;
			productName = Twitter;
			productReference = CE54B0821A992FF800AA83D9 /* Twitter.app */;
			productType = "com.apple.product-type.application";
		};
		CE54B09A1A992FF800AA83D9 /* TwitterTests */ = {
			isa = PBXNativeTarget;
			buildConfigurationList = CE54B0A81A992FF800AA83D9 /* Build configuration list for PBXNativeTarget "TwitterTests" */;
			buildPhases = (
				CE54B0971A992FF800AA83D9 /* Sources */,
				CE54B0981A992FF800AA83D9 /* Frameworks */,
				CE54B0991A992FF800AA83D9 /* Resources */,
			);
			buildRules = (
			);
			dependencies = (
				CE54B09D1A992FF800AA83D9 /* PBXTargetDependency */,
			);
			name = TwitterTests;
			productName = TwitterTests;
			productReference = CE54B09B1A992FF800AA83D9 /* TwitterTests.xctest */;
			productType = "com.apple.product-type.bundle.unit-test";
		};
/* End PBXNativeTarget section */

/* Begin PBXProject section */
		CE54B07A1A992FF800AA83D9 /* Project object */ = {
			isa = PBXProject;
			attributes = {
				LastUpgradeCheck = 0610;
				ORGANIZATIONNAME = "Xiaolong Zhang";
				TargetAttributes = {
					CE54B0811A992FF800AA83D9 = {
						CreatedOnToolsVersion = 6.1.1;
					};
					CE54B09A1A992FF800AA83D9 = {
						CreatedOnToolsVersion = 6.1.1;
						TestTargetID = CE54B0811A992FF800AA83D9;
					};
				};
			};
			buildConfigurationList = CE54B07D1A992FF800AA83D9 /* Build configuration list for PBXProject "Twitter" */;
			compatibilityVersion = "Xcode 3.2";
			developmentRegion = English;
			hasScannedForEncodings = 0;
			knownRegions = (
				en,
				Base,
			);
			mainGroup = CE54B0791A992FF800AA83D9;
			productRefGroup = CE54B0831A992FF800AA83D9 /* Products */;
			projectDirPath = "";
			projectRoot = "";
			targets = (
				CE54B0811A992FF800AA83D9 /* Twitter */,
				CE54B09A1A992FF800AA83D9 /* TwitterTests */,
			);
		};
/* End PBXProject section */

/* Begin PBXResourcesBuildPhase section */
		CE54B0801A992FF800AA83D9 /* Resources */ = {
			isa = PBXResourcesBuildPhase;
			buildActionMask = 2147483647;
			files = (
				CE6EE7111AA28FCB003AB64F /* ProfileTFFCell.xib in Resources */,
				CE0AF6EC1A9A96FE00DD6630 /* TweetDetailViewController.xib in Resources */,
				CE6EE6F81AA03CC7003AB64F /* CenterViewController.xib in Resources */,
				CEE5C63B1A9979A100C597EE /* TweetsViewController.xib in Resources */,
				CE54B0961A992FF800AA83D9 /* LaunchScreen.xib in Resources */,
				CE54B0931A992FF800AA83D9 /* Images.xcassets in Resources */,
				CE0AF6E71A9A50A100DD6630 /* ComposeTweetViewController.xib in Resources */,
				CE6EE7161AA2D4B3003AB64F /* MentionsViewController.xib in Resources */,
				CE6EE7021AA281B8003AB64F /* ProfileCell.xib in Resources */,
				CE6EE70C1AA28FA6003AB64F /* ProfileHeaderCell.xib in Resources */,
				CEF0530D1A9930DF00EAD2BE /* LoginViewController.xib in Resources */,
				CE6EE7071AA28865003AB64F /* ProfileViewController.xib in Resources */,
				CE0AF6E21A99C48E00DD6630 /* TweetSimpleCell.xib in Resources */,
			);
			runOnlyForDeploymentPostprocessing = 0;
		};
		CE54B0991A992FF800AA83D9 /* Resources */ = {
			isa = PBXResourcesBuildPhase;
			buildActionMask = 2147483647;
			files = (
			);
			runOnlyForDeploymentPostprocessing = 0;
		};
/* End PBXResourcesBuildPhase section */

/* Begin PBXShellScriptBuildPhase section */
		9277739DB32EB91C73C69489 /* Check Pods Manifest.lock */ = {
			isa = PBXShellScriptBuildPhase;
			buildActionMask = 2147483647;
			files = (
			);
			inputPaths = (
			);
			name = "Check Pods Manifest.lock";
			outputPaths = (
			);
			runOnlyForDeploymentPostprocessing = 0;
			shellPath = /bin/sh;
			shellScript = "diff \"${PODS_ROOT}/../Podfile.lock\" \"${PODS_ROOT}/Manifest.lock\" > /dev/null\nif [[ $? != 0 ]] ; then\n    cat << EOM\nerror: The sandbox is not in sync with the Podfile.lock. Run 'pod install' or update your CocoaPods installation.\nEOM\n    exit 1\nfi\n";
			showEnvVarsInLog = 0;
		};
		DD3F9BCBC1E85A9F914E7A38 /* Copy Pods Resources */ = {
			isa = PBXShellScriptBuildPhase;
			buildActionMask = 2147483647;
			files = (
			);
			inputPaths = (
			);
			name = "Copy Pods Resources";
			outputPaths = (
			);
			runOnlyForDeploymentPostprocessing = 0;
			shellPath = /bin/sh;
			shellScript = "\"${SRCROOT}/Pods/Target Support Files/Pods/Pods-resources.sh\"\n";
			showEnvVarsInLog = 0;
		};
/* End PBXShellScriptBuildPhase section */

/* Begin PBXSourcesBuildPhase section */
		CE54B07E1A992FF800AA83D9 /* Sources */ = {
			isa = PBXSourcesBuildPhase;
			buildActionMask = 2147483647;
			files = (
				CEF053101A9931B200EAD2BE /* TwitterClient.m in Sources */,
				CE6EE7011AA281B8003AB64F /* ProfileCell.m in Sources */,
				CE54B08B1A992FF800AA83D9 /* AppDelegate.m in Sources */,
				CEE5C6361A993F4D00C597EE /* User.m in Sources */,
				CE0AF6E61A9A50A100DD6630 /* ComposeTweetViewController.m in Sources */,
				CE6EE7101AA28FCB003AB64F /* ProfileTFFCell.m in Sources */,
				CE6EE6F71AA03CC7003AB64F /* CenterViewController.m in Sources */,
				CE6EE70B1AA28FA6003AB64F /* ProfileHeaderCell.m in Sources */,
				CE0AF6E11A99C48E00DD6630 /* TweetSimpleCell.m in Sources */,
				CEE5C6331A993F4500C597EE /* Tweet.m in Sources */,
				CE54B0881A992FF800AA83D9 /* main.m in Sources */,
				CE6EE7061AA28865003AB64F /* ProfileViewController.m in Sources */,
				CEF0530C1A9930DF00EAD2BE /* LoginViewController.m in Sources */,
				CEE5C63A1A9979A100C597EE /* TweetsViewController.m in Sources */,
				CE0AF6EB1A9A96FE00DD6630 /* TweetDetailViewController.m in Sources */,
				CE6EE7151AA2D4B3003AB64F /* MentionsViewController.m in Sources */,
			);
			runOnlyForDeploymentPostprocessing = 0;
		};
		CE54B0971A992FF800AA83D9 /* Sources */ = {
			isa = PBXSourcesBuildPhase;
			buildActionMask = 2147483647;
			files = (
				CE54B0A21A992FF800AA83D9 /* TwitterTests.m in Sources */,
			);
			runOnlyForDeploymentPostprocessing = 0;
		};
/* End PBXSourcesBuildPhase section */

/* Begin PBXTargetDependency section */
		CE54B09D1A992FF800AA83D9 /* PBXTargetDependency */ = {
			isa = PBXTargetDependency;
			target = CE54B0811A992FF800AA83D9 /* Twitter */;
			targetProxy = CE54B09C1A992FF800AA83D9 /* PBXContainerItemProxy */;
		};
/* End PBXTargetDependency section */

/* Begin PBXVariantGroup section */
		CE54B0941A992FF800AA83D9 /* LaunchScreen.xib */ = {
			isa = PBXVariantGroup;
			children = (
				CE54B0951A992FF800AA83D9 /* Base */,
			);
			name = LaunchScreen.xib;
			sourceTree = "<group>";
		};
/* End PBXVariantGroup section */

/* Begin XCBuildConfiguration section */
		CE54B0A31A992FF800AA83D9 /* Debug */ = {
			isa = XCBuildConfiguration;
			buildSettings = {
				ALWAYS_SEARCH_USER_PATHS = NO;
				CLANG_CXX_LANGUAGE_STANDARD = "gnu++0x";
				CLANG_CXX_LIBRARY = "libc++";
				CLANG_ENABLE_MODULES = YES;
				CLANG_ENABLE_OBJC_ARC = YES;
				CLANG_WARN_BOOL_CONVERSION = YES;
				CLANG_WARN_CONSTANT_CONVERSION = YES;
				CLANG_WARN_DIRECT_OBJC_ISA_USAGE = YES_ERROR;
				CLANG_WARN_EMPTY_BODY = YES;
				CLANG_WARN_ENUM_CONVERSION = YES;
				CLANG_WARN_INT_CONVERSION = YES;
				CLANG_WARN_OBJC_ROOT_CLASS = YES_ERROR;
				CLANG_WARN_UNREACHABLE_CODE = YES;
				CLANG_WARN__DUPLICATE_METHOD_MATCH = YES;
				"CODE_SIGN_IDENTITY[sdk=iphoneos*]" = "iPhone Developer";
				COPY_PHASE_STRIP = NO;
				ENABLE_STRICT_OBJC_MSGSEND = YES;
				GCC_C_LANGUAGE_STANDARD = gnu99;
				GCC_DYNAMIC_NO_PIC = NO;
				GCC_OPTIMIZATION_LEVEL = 0;
				GCC_PREPROCESSOR_DEFINITIONS = (
					"DEBUG=1",
					"$(inherited)",
				);
				GCC_SYMBOLS_PRIVATE_EXTERN = NO;
				GCC_WARN_64_TO_32_BIT_CONVERSION = YES;
				GCC_WARN_ABOUT_RETURN_TYPE = YES_ERROR;
				GCC_WARN_UNDECLARED_SELECTOR = YES;
				GCC_WARN_UNINITIALIZED_AUTOS = YES_AGGRESSIVE;
				GCC_WARN_UNUSED_FUNCTION = YES;
				GCC_WARN_UNUSED_VARIABLE = YES;
				IPHONEOS_DEPLOYMENT_TARGET = 8.1;
				MTL_ENABLE_DEBUG_INFO = YES;
				ONLY_ACTIVE_ARCH = YES;
				SDKROOT = iphoneos;
			};
			name = Debug;
		};
		CE54B0A41A992FF800AA83D9 /* Release */ = {
			isa = XCBuildConfiguration;
			buildSettings = {
				ALWAYS_SEARCH_USER_PATHS = NO;
				CLANG_CXX_LANGUAGE_STANDARD = "gnu++0x";
				CLANG_CXX_LIBRARY = "libc++";
				CLANG_ENABLE_MODULES = YES;
				CLANG_ENABLE_OBJC_ARC = YES;
				CLANG_WARN_BOOL_CONVERSION = YES;
				CLANG_WARN_CONSTANT_CONVERSION = YES;
				CLANG_WARN_DIRECT_OBJC_ISA_USAGE = YES_ERROR;
				CLANG_WARN_EMPTY_BODY = YES;
				CLANG_WARN_ENUM_CONVERSION = YES;
				CLANG_WARN_INT_CONVERSION = YES;
				CLANG_WARN_OBJC_ROOT_CLASS = YES_ERROR;
				CLANG_WARN_UNREACHABLE_CODE = YES;
				CLANG_WARN__DUPLICATE_METHOD_MATCH = YES;
				"CODE_SIGN_IDENTITY[sdk=iphoneos*]" = "iPhone Developer";
				COPY_PHASE_STRIP = YES;
				ENABLE_NS_ASSERTIONS = NO;
				ENABLE_STRICT_OBJC_MSGSEND = YES;
				GCC_C_LANGUAGE_STANDARD = gnu99;
				GCC_WARN_64_TO_32_BIT_CONVERSION = YES;
				GCC_WARN_ABOUT_RETURN_TYPE = YES_ERROR;
				GCC_WARN_UNDECLARED_SELECTOR = YES;
				GCC_WARN_UNINITIALIZED_AUTOS = YES_AGGRESSIVE;
				GCC_WARN_UNUSED_FUNCTION = YES;
				GCC_WARN_UNUSED_VARIABLE = YES;
				IPHONEOS_DEPLOYMENT_TARGET = 8.1;
				MTL_ENABLE_DEBUG_INFO = NO;
				SDKROOT = iphoneos;
				VALIDATE_PRODUCT = YES;
			};
			name = Release;
		};
		CE54B0A61A992FF800AA83D9 /* Debug */ = {
			isa = XCBuildConfiguration;
			baseConfigurationReference = E4EE3A6823998E659FC5A014 /* Pods.debug.xcconfig */;
			buildSettings = {
				ASSETCATALOG_COMPILER_APPICON_NAME = AppIcon;
				INFOPLIST_FILE = Twitter/Info.plist;
				LD_RUNPATH_SEARCH_PATHS = "$(inherited) @executable_path/Frameworks";
				PRODUCT_NAME = "$(TARGET_NAME)";
			};
			name = Debug;
		};
		CE54B0A71A992FF800AA83D9 /* Release */ = {
			isa = XCBuildConfiguration;
			baseConfigurationReference = 3C56537E56AFD4B04BF5D77D /* Pods.release.xcconfig */;
			buildSettings = {
				ASSETCATALOG_COMPILER_APPICON_NAME = AppIcon;
				INFOPLIST_FILE = Twitter/Info.plist;
				LD_RUNPATH_SEARCH_PATHS = "$(inherited) @executable_path/Frameworks";
				PRODUCT_NAME = "$(TARGET_NAME)";
			};
			name = Release;
		};
		CE54B0A91A992FF800AA83D9 /* Debug */ = {
			isa = XCBuildConfiguration;
			buildSettings = {
				BUNDLE_LOADER = "$(TEST_HOST)";
				FRAMEWORK_SEARCH_PATHS = (
					"$(SDKROOT)/Developer/Library/Frameworks",
					"$(inherited)",
				);
				GCC_PREPROCESSOR_DEFINITIONS = (
					"DEBUG=1",
					"$(inherited)",
				);
				INFOPLIST_FILE = TwitterTests/Info.plist;
				LD_RUNPATH_SEARCH_PATHS = "$(inherited) @executable_path/Frameworks @loader_path/Frameworks";
				PRODUCT_NAME = "$(TARGET_NAME)";
				TEST_HOST = "$(BUILT_PRODUCTS_DIR)/Twitter.app/Twitter";
			};
			name = Debug;
		};
		CE54B0AA1A992FF800AA83D9 /* Release */ = {
			isa = XCBuildConfiguration;
			buildSettings = {
				BUNDLE_LOADER = "$(TEST_HOST)";
				FRAMEWORK_SEARCH_PATHS = (
					"$(SDKROOT)/Developer/Library/Frameworks",
					"$(inherited)",
				);
				INFOPLIST_FILE = TwitterTests/Info.plist;
				LD_RUNPATH_SEARCH_PATHS = "$(inherited) @executable_path/Frameworks @loader_path/Frameworks";
				PRODUCT_NAME = "$(TARGET_NAME)";
				TEST_HOST = "$(BUILT_PRODUCTS_DIR)/Twitter.app/Twitter";
			};
			name = Release;
		};
/* End XCBuildConfiguration section */

/* Begin XCConfigurationList section */
		CE54B07D1A992FF800AA83D9 /* Build configuration list for PBXProject "Twitter" */ = {
			isa = XCConfigurationList;
			buildConfigurations = (
				CE54B0A31A992FF800AA83D9 /* Debug */,
				CE54B0A41A992FF800AA83D9 /* Release */,
			);
			defaultConfigurationIsVisible = 0;
			defaultConfigurationName = Release;
		};
		CE54B0A51A992FF800AA83D9 /* Build configuration list for PBXNativeTarget "Twitter" */ = {
			isa = XCConfigurationList;
			buildConfigurations = (
				CE54B0A61A992FF800AA83D9 /* Debug */,
				CE54B0A71A992FF800AA83D9 /* Release */,
			);
			defaultConfigurationIsVisible = 0;
			defaultConfigurationName = Release;
		};
		CE54B0A81A992FF800AA83D9 /* Build configuration list for PBXNativeTarget "TwitterTests" */ = {
			isa = XCConfigurationList;
			buildConfigurations = (
				CE54B0A91A992FF800AA83D9 /* Debug */,
				CE54B0AA1A992FF800AA83D9 /* Release */,
			);
			defaultConfigurationIsVisible = 0;
			defaultConfigurationName = Release;
		};
/* End XCConfigurationList section */
	};
	rootObject = CE54B07A1A992FF800AA83D9 /* Project object */;
}
